# THIS IS AN AUTOGENERATED FILE. DO NOT EDIT THIS FILE DIRECTLY.
# yarn lockfile v1


"@esbuild/android-arm64@0.17.13":
  version "0.17.13"
  resolved "https://registry.yarnpkg.com/@esbuild/android-arm64/-/android-arm64-0.17.13.tgz#88e5b6afe65ef3168b0eb6dc93fdb1b15f4653c9"
  integrity sha512-F5DgvJMV2ZEpLNpPCO7FEk1wy8O5tg6cikWSB6uvvncsgE1xgbPlm+Boio/4820C2/mj713X83X1h01v0qoeHg==

"@esbuild/android-arm@0.17.13":
  version "0.17.13"
  resolved "https://registry.yarnpkg.com/@esbuild/android-arm/-/android-arm-0.17.13.tgz#5a1cfd20453eb1c8a64602069d3e2187a2278b34"
  integrity sha512-5tZZ/hLIfBmt7E8JsE5KbsknoAFmoElkg+A/gjyPtmSQvJjPf+9GsSJihid8VMa08lrsYyaEXOT9RLh3xXQONw==

"@esbuild/android-x64@0.17.13":
  version "0.17.13"
  resolved "https://registry.yarnpkg.com/@esbuild/android-x64/-/android-x64-0.17.13.tgz#4228fef54b7c9c0167693f634301648a9a35d7e4"
  integrity sha512-5m1UUslzpfVrumG3m3Zv2x9VNAcvMOQWJy009y6jt10tcHpzIq2/b0I0k4fz0QYqGSNS1GteRIhVPN4H7OyCXg==

"@esbuild/darwin-arm64@0.17.13":
  version "0.17.13"
  resolved "https://registry.yarnpkg.com/@esbuild/darwin-arm64/-/darwin-arm64-0.17.13.tgz#83964a0ded926c1ef16f5329b80cf505d073e4da"
  integrity sha512-TXbXp/05r7heRsG8yWwbHw9diay+wXIyRNcIHFoNARRIGahYbTW/qwJzE37zkfxLIUPHgR/SyLTUlnTICg14ag==

"@esbuild/darwin-x64@0.17.13":
  version "0.17.13"
  resolved "https://registry.yarnpkg.com/@esbuild/darwin-x64/-/darwin-x64-0.17.13.tgz#330ad462247e5109079efbc1c782c981e584913f"
  integrity sha512-Ku9Db2sblCxFvQdEO7X9nBaLR/S81uch81e2Q2+Os5z1NcnsFjuqhIYH0Gm6KNNpIKaEbC7gCLbiIPbLLMX4Pg==

"@esbuild/freebsd-arm64@0.17.13":
  version "0.17.13"
  resolved "https://registry.yarnpkg.com/@esbuild/freebsd-arm64/-/freebsd-arm64-0.17.13.tgz#59ca41062922c759ad32421d93a6fa0e85290a6b"
  integrity sha512-t1T5/nIf2j+FdSf1Fa3dcU0cXycr0nK4xJe52qjWa+1I249mM5NBY1ODjiabZxZ0x3CG05y4fd9bxfDLy9kQtA==

"@esbuild/freebsd-x64@0.17.13":
  version "0.17.13"
  resolved "https://registry.yarnpkg.com/@esbuild/freebsd-x64/-/freebsd-x64-0.17.13.tgz#349b22850b18323690f90127117d83f351303a7b"
  integrity sha512-/zbkgEO4gY2qGZr9UNAGI38w/FwUY4bx4EC88k9VeiCKNr3ukNgwH/oIgB5Z9/OqpkNLlcS4w9e2d/MIiy5fbw==

"@esbuild/linux-arm64@0.17.13":
  version "0.17.13"
  resolved "https://registry.yarnpkg.com/@esbuild/linux-arm64/-/linux-arm64-0.17.13.tgz#92aa31b0ef1521506e14c27bb960f18eaee5c31f"
  integrity sha512-siu3QZrQ7eGrSttvFaRKyjT7kNRbUuHEKzCCyqRh19MbpGokGY13jbIsBEjx6JmH3T50hds325oweS9Ey2ihAQ==

"@esbuild/linux-arm@0.17.13":
  version "0.17.13"
  resolved "https://registry.yarnpkg.com/@esbuild/linux-arm/-/linux-arm-0.17.13.tgz#3ebbf4764c36f90e58a6342f67844f7628988faf"
  integrity sha512-RrhjzrCF6aCDH248nUAQoldnRmN7nHMxv85GOj5AH+qkxxYvcig7fnUmgANngntRu4btXhN9WKHMgQ5seERDMw==

"@esbuild/linux-ia32@0.17.13":
  version "0.17.13"
  resolved "https://registry.yarnpkg.com/@esbuild/linux-ia32/-/linux-ia32-0.17.13.tgz#7c10f44eed774d6e5ebe652af30e3703819314f6"
  integrity sha512-ADHA1PqP5gIegehVP0RvxMmNPxpLgetI8QCwYOjUheGXKIKWSdUN8ZS3rusQv3NGZmFCpYdMZzFoI0QtzzGAdw==

"@esbuild/linux-loong64@0.17.13":
  version "0.17.13"
  resolved "https://registry.yarnpkg.com/@esbuild/linux-loong64/-/linux-loong64-0.17.13.tgz#80def2d6b0f636deb915ca17353aed42c668e3f7"
  integrity sha512-n1JQPxETmR0brkpWlJHeohReEPLH+m00bnJdNnFyHN3zLBt1QypevuZSmnmFWsC+7r7HTwWILj3lBDjtPH3ydg==

"@esbuild/linux-mips64el@0.17.13":
  version "0.17.13"
  resolved "https://registry.yarnpkg.com/@esbuild/linux-mips64el/-/linux-mips64el-0.17.13.tgz#4d80d34c1ab79c57f5df819e45e555a695c840ab"
  integrity sha512-d0pnD/j5KKQ43xtSIvOD+wNIy6D/Vh9GbXVRa3u4zCyiJMYWjxkPkbBzlEgNjdDmUM+5gBFen9k7B8Xscy+Myg==

"@esbuild/linux-ppc64@0.17.13":
  version "0.17.13"
  resolved "https://registry.yarnpkg.com/@esbuild/linux-ppc64/-/linux-ppc64-0.17.13.tgz#7b668c77ecd58b499622e360400670a8a57697b8"
  integrity sha512-C9sMpa/VcGLjVtsT01sXtzZNS7bAZ+icUclkKkiUwBQ9hzT+J+/Xpj+EykI5hB3KgtxQVo4XUahanFoZNxbQ1g==

"@esbuild/linux-riscv64@0.17.13":
  version "0.17.13"
  resolved "https://registry.yarnpkg.com/@esbuild/linux-riscv64/-/linux-riscv64-0.17.13.tgz#b2b8cdb6a444e86dcbfb16cb3e5a99d7eaf75c41"
  integrity sha512-jYkc5EpNpvjccAHNYekiAtklusVGWftR0VVLtng7dJzDyy+5adAsf1fOG3LllP0WALxS55/w6boLE/728J/bXw==

"@esbuild/linux-s390x@0.17.13":
  version "0.17.13"
  resolved "https://registry.yarnpkg.com/@esbuild/linux-s390x/-/linux-s390x-0.17.13.tgz#38dd0677b876c29280785b18cafc1673961e7f8e"
  integrity sha512-4jAJI5O6E/hATL4lsrG2A+noDjZ377KlATVFKwV3SWaNHj+OvoXe/T84ScQIXEtPI7ndJyLkMYruXj8RR5Ilyw==

"@esbuild/linux-x64@0.17.13":
  version "0.17.13"
  resolved "https://registry.yarnpkg.com/@esbuild/linux-x64/-/linux-x64-0.17.13.tgz#0fed27e7dd7c5b00d9d53c3759a1fc3b6b1dec53"
  integrity sha512-eFLQhJq98qijGRcv9je/9M4Mz1suZ+pOtj62ArsLd0gubNGhhQDz6T30X2X3f1KZ8lkKkr+zN5vtZzx1GAMoFw==

"@esbuild/netbsd-x64@0.17.13":
  version "0.17.13"
  resolved "https://registry.yarnpkg.com/@esbuild/netbsd-x64/-/netbsd-x64-0.17.13.tgz#5db5d517bd6395e63452a59cd4b00c12eb584c3a"
  integrity sha512-F8PXDeT+3eQpPjf4bmNJapPLu0SKKlWRGPQvBQqVS+YDGoMKnyyYp2UENLFMV8zT7kS39zKxZRZvUL3fMz/7Ww==

"@esbuild/openbsd-x64@0.17.13":
  version "0.17.13"
  resolved "https://registry.yarnpkg.com/@esbuild/openbsd-x64/-/openbsd-x64-0.17.13.tgz#d2270dad94a50b78eb67360a85ad45212ac6783b"
  integrity sha512-9jWfzbFCnIZdHjNs+00KQHArUbp7kjQDNmiuqkwGOQFs67m4/dKNupBv2DP5hTqVlQY4tW4RG3qpb6Y3zOHJeA==

"@esbuild/sunos-x64@0.17.13":
  version "0.17.13"
  resolved "https://registry.yarnpkg.com/@esbuild/sunos-x64/-/sunos-x64-0.17.13.tgz#716382743f17c080b17a782346c33c976e10345e"
  integrity sha512-ALbOMlTIBkAVi6KqYjONa7u2oH95RN7OpetFqMtjufFLBiSaayRuwUzhs2yuR9CfGT4qi0jv6HQDav+EG314TQ==

"@esbuild/win32-arm64@0.17.13":
  version "0.17.13"
  resolved "https://registry.yarnpkg.com/@esbuild/win32-arm64/-/win32-arm64-0.17.13.tgz#e9527611f3c9d2c2be61c86d4eb9077c060cdb39"
  integrity sha512-FJBLYL4PkrZGeuHzEqme+0DjNetxkJ+XbB+Aoeow7aQ53JCwsA0/mo8sS5aPkDHgCnMkN4A5GLoFTlDj3BKDrQ==

"@esbuild/win32-ia32@0.17.13":
  version "0.17.13"
  resolved "https://registry.yarnpkg.com/@esbuild/win32-ia32/-/win32-ia32-0.17.13.tgz#f5a1f05254852a6f511af5e1a86afbda807fe8c8"
  integrity sha512-Qrvst9RkLz4qgi3hqswNliYuKW92/HGJnd7xLWkGaGPa8S4qsONf81FW0ebDc5iUHb0I7QJwQATutvghTabnFA==

"@esbuild/win32-x64@0.17.13":
  version "0.17.13"
  resolved "https://registry.yarnpkg.com/@esbuild/win32-x64/-/win32-x64-0.17.13.tgz#eca2698440d931b5a0fb8a5a29388c17adcb6bf5"
  integrity sha512-pZ/NIgz861XaUPlIkPFjP55nJ4PJa0o/CD4zgeRb1Q9FVE+8GvdB6ifJcK05jRhny5hKExhnRFIdgHmmCYH8vg==

"@studio-freight/tempus@^0.0.36":
  version "0.0.36"
  resolved "https://registry.yarnpkg.com/@studio-freight/tempus/-/tempus-0.0.36.tgz#e4fa360c687d8b7c714122bd9a4b0852d4a2208f"
  integrity sha512-4GosDqlHENcLIswCkMg/TxjPtrSxEWtZQUJebOnOKLUFaD3V+mshVrCyVs4gDGC/OAf6Em3sg0eQ2f7FRbNzyg==
  dependencies:
    nanoid "^4.0.0"
    rimraf "^4.1.2"

"@studio-lumio/hooks@^0.1.20":
  version "0.1.20"
  resolved "https://registry.yarnpkg.com/@studio-lumio/hooks/-/hooks-0.1.20.tgz#feeb980d6e0ab366f61dcad93fbfcfef73e6f275"
  integrity sha512-yXxH4jntMZ6zOAprbXfx6APoYFIl+sGfqQ0lyqP5hgQn45TmerrekwV/lV+li/qcjvzjRZofVc189zszV97T1A==
  dependencies:
    "@studio-freight/tempus" "^0.0.36"
    "@types/node" "^18.15.10"
    rimraf "^4.1.2"
    throttle-debounce "^5.0.0"

"@swc/core-darwin-arm64@1.3.42":
  version "1.3.42"
  resolved "https://registry.yarnpkg.com/@swc/core-darwin-arm64/-/core-darwin-arm64-1.3.42.tgz#fabb645b288199b730d846e3eda370b77f5ebe9f"
  integrity sha512-hM6RrZFyoCM9mX3cj/zM5oXwhAqjUdOCLXJx7KTQps7NIkv/Qjvobgvyf2gAb89j3ARNo9NdIoLjTjJ6oALtiA==

"@swc/core-darwin-x64@1.3.42":
  version "1.3.42"
  resolved "https://registry.yarnpkg.com/@swc/core-darwin-x64/-/core-darwin-x64-1.3.42.tgz#dcd434ec8dda6f2178a10da0def036a071a6e008"
  integrity sha512-bjsWtHMb6wJK1+RGlBs2USvgZ0txlMk11y0qBLKo32gLKTqzUwRw0Fmfzuf6Ue2a/w//7eqMlPFEre4LvJajGw==

"@swc/core-linux-arm-gnueabihf@1.3.42":
  version "1.3.42"
  resolved "https://registry.yarnpkg.com/@swc/core-linux-arm-gnueabihf/-/core-linux-arm-gnueabihf-1.3.42.tgz#59c57b15113d316e8a4a6d690a6c09429483d201"
  integrity sha512-Oe0ggMz3MyqXNfeVmY+bBTL0hFSNY3bx8dhcqsh4vXk/ZVGse94QoC4dd92LuPHmKT0x6nsUzB86x2jU9QHW5g==

"@swc/core-linux-arm64-gnu@1.3.42":
  version "1.3.42"
  resolved "https://registry.yarnpkg.com/@swc/core-linux-arm64-gnu/-/core-linux-arm64-gnu-1.3.42.tgz#50d026b9f4d7a5f25deacc8c8dd45fc12be70a95"
  integrity sha512-ZJsa8NIW1RLmmHGTJCbM7OPSbBZ9rOMrLqDtUOGrT0uoJXZnnQqolflamB5wviW0X6h3Z3/PSTNGNDCJ3u3Lqg==

"@swc/core-linux-arm64-musl@1.3.42":
  version "1.3.42"
  resolved "https://registry.yarnpkg.com/@swc/core-linux-arm64-musl/-/core-linux-arm64-musl-1.3.42.tgz#3c0e51b0709dcf06289949803c9a36a46a97827c"
  integrity sha512-YpZwlFAfOp5vkm/uVUJX1O7N3yJDO1fDQRWqsOPPNyIJkI2ydlRQtgN6ZylC159Qv+TimfXnGTlNr7o3iBAqjg==

"@swc/core-linux-x64-gnu@1.3.42":
  version "1.3.42"
  resolved "https://registry.yarnpkg.com/@swc/core-linux-x64-gnu/-/core-linux-x64-gnu-1.3.42.tgz#059ac0acddebd0360851871929a14dbacf74f865"
  integrity sha512-0ccpKnsZbyHBzaQFdP8U9i29nvOfKitm6oJfdJzlqsY/jCqwvD8kv2CAKSK8WhJz//ExI2LqNrDI0yazx5j7+A==

"@swc/core-linux-x64-musl@1.3.42":
  version "1.3.42"
  resolved "https://registry.yarnpkg.com/@swc/core-linux-x64-musl/-/core-linux-x64-musl-1.3.42.tgz#7a61093d93a3abc2f893b7d31fd6c22c4cab2212"
  integrity sha512-7eckRRuTZ6+3K21uyfXXgc2ZCg0mSWRRNwNT3wap2bYkKPeqTgb8pm8xYSZNEiMuDonHEat6XCCV36lFY6kOdQ==

"@swc/core-win32-arm64-msvc@1.3.42":
  version "1.3.42"
  resolved "https://registry.yarnpkg.com/@swc/core-win32-arm64-msvc/-/core-win32-arm64-msvc-1.3.42.tgz#12f92c960ea801aa26ffa5b91d369ac24c2a3cca"
  integrity sha512-t27dJkdw0GWANdN4TV0lY/V5vTYSx5SRjyzzZolep358ueCGuN1XFf1R0JcCbd1ojosnkQg2L7A7991UjXingg==

"@swc/core-win32-ia32-msvc@1.3.42":
  version "1.3.42"
  resolved "https://registry.yarnpkg.com/@swc/core-win32-ia32-msvc/-/core-win32-ia32-msvc-1.3.42.tgz#be022aff03838515fa5506be300f0ea15f3fb476"
  integrity sha512-xfpc/Zt/aMILX4IX0e3loZaFyrae37u3MJCv1gJxgqrpeLi7efIQr3AmERkTK3mxTO6R5urSliWw2W3FyZ7D3Q==

"@swc/core-win32-x64-msvc@1.3.42":
  version "1.3.42"
  resolved "https://registry.yarnpkg.com/@swc/core-win32-x64-msvc/-/core-win32-x64-msvc-1.3.42.tgz#fccac26974f03234e502276389f4330e2696887f"
  integrity sha512-ra2K4Tu++EJLPhzZ6L8hWUsk94TdK/2UKhL9dzCBhtzKUixsGCEqhtqH1zISXNvW8qaVLFIMUP37ULe80/IJaA==

"@swc/core@^1.3.35":
  version "1.3.42"
  resolved "https://registry.yarnpkg.com/@swc/core/-/core-1.3.42.tgz#7067c4fd9a02536f9ca7b54ed8ebc45e2df810cf"
  integrity sha512-nVFUd5+7tGniM2cT3LXaqnu3735Cu4az8A9gAKK+8sdpASI52SWuqfDBmjFCK9xG90MiVDVp2PTZr0BWqCIzpw==
  optionalDependencies:
    "@swc/core-darwin-arm64" "1.3.42"
    "@swc/core-darwin-x64" "1.3.42"
    "@swc/core-linux-arm-gnueabihf" "1.3.42"
    "@swc/core-linux-arm64-gnu" "1.3.42"
    "@swc/core-linux-arm64-musl" "1.3.42"
    "@swc/core-linux-x64-gnu" "1.3.42"
    "@swc/core-linux-x64-musl" "1.3.42"
    "@swc/core-win32-arm64-msvc" "1.3.42"
    "@swc/core-win32-ia32-msvc" "1.3.42"
    "@swc/core-win32-x64-msvc" "1.3.42"

"@types/lodash@^4.14.185":
  version "4.14.191"
  resolved "https://registry.yarnpkg.com/@types/lodash/-/lodash-4.14.191.tgz#09511e7f7cba275acd8b419ddac8da9a6a79e2fa"
  integrity sha512-BdZ5BCCvho3EIXw6wUCXHe7rS53AIDPLE+JzwgT+OsJk53oBfbSmZZ7CX4VaRoN78N+TJpFi9QPlfIVNmJYWxQ==

"@types/node@^17.0.35":
  version "17.0.45"
  resolved "https://registry.yarnpkg.com/@types/node/-/node-17.0.45.tgz#2c0fafd78705e7a18b7906b5201a522719dc5190"
  integrity sha512-w+tIMs3rq2afQdsPJlODhoUEKzFP1ayaoyl1CcnwtIlsVe7K7bA1NGm4s3PraqTLlXnbIN84zuBlxBWo1u9BLw==

"@types/node@^18.15.10":
  version "18.15.11"
  resolved "https://registry.yarnpkg.com/@types/node/-/node-18.15.11.tgz#b3b790f09cb1696cffcec605de025b088fa4225f"
  integrity sha512-E5Kwq2n4SbMzQOn6wnmBjuK9ouqlURrcZDVfbo9ftDDTFt3nk7ZKK4GMOzoYgnpQJKcxwQw+lGaBvvlMo0qN/Q==

"@types/prop-types@*":
  version "15.7.5"
  resolved "https://registry.yarnpkg.com/@types/prop-types/-/prop-types-15.7.5.tgz#5f19d2b85a98e9558036f6a3cacc8819420f05cf"
  integrity sha512-JCB8C6SnDoQf0cNycqd/35A7MjcnK+ZTqE7judS6o7utxUCg6imJg3QK2qzHKszlTjcj2cn+NwMB2i96ubpj7w==

"@types/react-dom@^18.0.11":
  version "18.0.11"
  resolved "https://registry.yarnpkg.com/@types/react-dom/-/react-dom-18.0.11.tgz#321351c1459bc9ca3d216aefc8a167beec334e33"
  integrity sha512-O38bPbI2CWtgw/OoQoY+BRelw7uysmXbWvw3nLWO21H1HSh+GOlqPuXshJfjmpNlKiiSDG9cc1JZAaMmVdcTlw==
  dependencies:
    "@types/react" "*"

"@types/react@*", "@types/react@^18.0.28":
  version "18.0.29"
  resolved "https://registry.yarnpkg.com/@types/react/-/react-18.0.29.tgz#4cead505172c0020c5b51940199e31fc6ff2f63a"
  integrity sha512-wXHktgUABxplw1+UnljseDq4+uztQyp2tlWZRIxHlpchsCFqiYkvaDS8JR7eKOQm8wziTH/el5qL7D6gYNkYcw==
  dependencies:
    "@types/prop-types" "*"
    "@types/scheduler" "*"
    csstype "^3.0.2"

"@types/scheduler@*":
  version "0.16.3"
  resolved "https://registry.yarnpkg.com/@types/scheduler/-/scheduler-0.16.3.tgz#cef09e3ec9af1d63d2a6cc5b383a737e24e6dcf5"
  integrity sha512-5cJ8CB4yAx7BH1oMvdU0Jh9lrEXyPkar6F9G/ERswkCuvP4KQZfZkSjcMbAICCpQTN4OuZn8tz0HiKv9TGZgrQ==

"@vitejs/plugin-react-swc@^3.0.0":
  version "3.2.0"
  resolved "https://registry.yarnpkg.com/@vitejs/plugin-react-swc/-/plugin-react-swc-3.2.0.tgz#7c4f6e116a296c27f680d05750f9dbf798cf7709"
  integrity sha512-IcBoXL/mcH7JdQr/nfDlDwTdIaH8Rg7LpfQDF4nAht+juHWIuv6WhpKPCSfY4+zztAaB07qdBoFz1XCZsgo3pQ==
  dependencies:
    "@swc/core" "^1.3.35"

anymatch@~3.1.2:
  version "3.1.3"
  resolved "https://registry.yarnpkg.com/anymatch/-/anymatch-3.1.3.tgz#790c58b19ba1720a84205b57c618d5ad8524973e"
  integrity sha512-KMReFUr0B4t+D+OBkjR3KYqvocp2XaSzO55UcB6mgQMd3KbcE+mWTyvVV7D/zsdEbNnV6acZUutkiHQXvTr1Rw==
  dependencies:
    normalize-path "^3.0.0"
    picomatch "^2.0.4"

balanced-match@^1.0.0:
  version "1.0.2"
  resolved "https://registry.yarnpkg.com/balanced-match/-/balanced-match-1.0.2.tgz#e83e3a7e3f300b34cb9d87f615fa0cbf357690ee"
  integrity sha512-3oSeUO0TMV67hN1AmbXsK4yaqU7tjiHlbxRDZOpH0KW9+CeX4bRAaX0Anxt0tx2MrpRpWwQaPwIlISEJhYU5Pw==

binary-extensions@^2.0.0:
  version "2.2.0"
  resolved "https://registry.yarnpkg.com/binary-extensions/-/binary-extensions-2.2.0.tgz#75f502eeaf9ffde42fc98829645be4ea76bd9e2d"
  integrity sha512-jDctJ/IVQbZoJykoeHbhXpOlNBqGNcwXJKJog42E5HDPUwQTSdjCHdihjj0DlnheQ7blbT6dHOafNAiS8ooQKA==

brace-expansion@^2.0.1:
  version "2.0.1"
  resolved "https://registry.yarnpkg.com/brace-expansion/-/brace-expansion-2.0.1.tgz#1edc459e0f0c548486ecf9fc99f2221364b9a0ae"
  integrity sha512-XnAIvQ8eM+kC6aULx6wuQiwVsnzsi9d3WxzV3FpWTGA19F621kwdbsAcFKXgKUHZWsy+mY6iL1sHTxWEFCytDA==
  dependencies:
    balanced-match "^1.0.0"

braces@~3.0.2:
  version "3.0.2"
  resolved "https://registry.yarnpkg.com/braces/-/braces-3.0.2.tgz#3454e1a462ee8d599e236df336cd9ea4f8afe107"
  integrity sha512-b8um+L1RzM3WDSzvhm6gIz1yfTbBt6YTlcEKAvsmqCZZFw46z626lVj9j1yEPW33H5H+lBQpZMP1k8l+78Ha0A==
  dependencies:
    fill-range "^7.0.1"

"chokidar@>=3.0.0 <4.0.0":
  version "3.5.3"
  resolved "https://registry.yarnpkg.com/chokidar/-/chokidar-3.5.3.tgz#1cf37c8707b932bd1af1ae22c0432e2acd1903bd"
  integrity sha512-Dr3sfKRP6oTcjf2JmUmFJfeVMvXBdegxB0iVQ5eb2V10uFJUCAS8OByZdVAyVb8xXNz3GjjTgj9kLWsZTqE6kw==
  dependencies:
    anymatch "~3.1.2"
    braces "~3.0.2"
    glob-parent "~5.1.2"
    is-binary-path "~2.1.0"
    is-glob "~4.0.1"
    normalize-path "~3.0.0"
    readdirp "~3.6.0"
  optionalDependencies:
    fsevents "~2.3.2"

csstype@^3.0.2:
  version "3.1.1"
  resolved "https://registry.yarnpkg.com/csstype/-/csstype-3.1.1.tgz#841b532c45c758ee546a11d5bd7b7b473c8c30b9"
  integrity sha512-DJR/VvkAvSZW9bTouZue2sSxDwdTN92uHjqeKVm+0dAqdfNykRzQ95tay8aXMBAAPpUiq4Qcug2L7neoRh2Egw==

esbuild@^0.17.5:
  version "0.17.13"
  resolved "https://registry.yarnpkg.com/esbuild/-/esbuild-0.17.13.tgz#463066919a5567e8d1f4781004129da7fc8774b6"
  integrity sha512-4ixMwdErBcQHgTBeoxnowENCPKWFAGxgTyKHMK8gqn9sZaC7ZNWFKtim16g2rzQ2b/FYyy3lIUUJboFtjolhqg==
  optionalDependencies:
    "@esbuild/android-arm" "0.17.13"
    "@esbuild/android-arm64" "0.17.13"
    "@esbuild/android-x64" "0.17.13"
    "@esbuild/darwin-arm64" "0.17.13"
    "@esbuild/darwin-x64" "0.17.13"
    "@esbuild/freebsd-arm64" "0.17.13"
    "@esbuild/freebsd-x64" "0.17.13"
    "@esbuild/linux-arm" "0.17.13"
    "@esbuild/linux-arm64" "0.17.13"
    "@esbuild/linux-ia32" "0.17.13"
    "@esbuild/linux-loong64" "0.17.13"
    "@esbuild/linux-mips64el" "0.17.13"
    "@esbuild/linux-ppc64" "0.17.13"
    "@esbuild/linux-riscv64" "0.17.13"
    "@esbuild/linux-s390x" "0.17.13"
    "@esbuild/linux-x64" "0.17.13"
    "@esbuild/netbsd-x64" "0.17.13"
    "@esbuild/openbsd-x64" "0.17.13"
    "@esbuild/sunos-x64" "0.17.13"
    "@esbuild/win32-arm64" "0.17.13"
    "@esbuild/win32-ia32" "0.17.13"
    "@esbuild/win32-x64" "0.17.13"

fill-range@^7.0.1:
  version "7.0.1"
  resolved "https://registry.yarnpkg.com/fill-range/-/fill-range-7.0.1.tgz#1919a6a7c75fe38b2c7c77e5198535da9acdda40"
  integrity sha512-qOo9F+dMUmC2Lcb4BbVvnKJxTPjCm+RRpe4gDuGrzkL7mEVl/djYSu2OdQ2Pa302N4oqkSg9ir6jaLWJ2USVpQ==
  dependencies:
    to-regex-range "^5.0.1"

fs.realpath@^1.0.0:
  version "1.0.0"
  resolved "https://registry.yarnpkg.com/fs.realpath/-/fs.realpath-1.0.0.tgz#1504ad2523158caa40db4a2787cb01411994ea4f"
  integrity sha512-OO0pH2lK6a0hZnAdau5ItzHPI6pUlvI7jMVnxUQRtw4owF2wk8lOSabtGDCTP4Ggrg2MbGnWO9X8K1t4+fGMDw==

fsevents@~2.3.2:
  version "2.3.2"
  resolved "https://registry.yarnpkg.com/fsevents/-/fsevents-2.3.2.tgz#8a526f78b8fdf4623b709e0b975c52c24c02fd1a"
  integrity sha512-xiqMQR4xAeHTuB9uWm+fFRcIOgKBMiOBP+eXiyT7jsgVCq1bkVygt00oASowB7EdtpOHaaPgKt812P9ab+DDKA==

function-bind@^1.1.1:
  version "1.1.1"
  resolved "https://registry.yarnpkg.com/function-bind/-/function-bind-1.1.1.tgz#a56899d3ea3c9bab874bb9773b7c5ede92f4895d"
  integrity sha512-yIovAzMX49sF8Yl58fSCWJ5svSLuaibPxXQJFLmBObTuCr0Mf1KiPopGM9NiFjiYBCbfaa2Fh6breQ6ANVTI0A==

glob-parent@~5.1.2:
  version "5.1.2"
  resolved "https://registry.yarnpkg.com/glob-parent/-/glob-parent-5.1.2.tgz#869832c58034fe68a4093c17dc15e8340d8401c4"
  integrity sha512-AOIgSQCepiJYwP3ARnGx+5VnTu2HBYdzbGP45eLw1vr3zB3vZLeyed1sC9hnbcOc9/SrMyM5RPQrkGz4aS9Zow==
  dependencies:
    is-glob "^4.0.1"

glob@^9.2.0:
  version "9.3.2"
  resolved "https://registry.yarnpkg.com/glob/-/glob-9.3.2.tgz#8528522e003819e63d11c979b30896e0eaf52eda"
  integrity sha512-BTv/JhKXFEHsErMte/AnfiSv8yYOLLiyH2lTg8vn02O21zWFgHPTfxtgn1QRe7NRgggUhC8hacR2Re94svHqeA==
  dependencies:
    fs.realpath "^1.0.0"
    minimatch "^7.4.1"
    minipass "^4.2.4"
    path-scurry "^1.6.1"

gsap@^3.10.4:
  version "3.11.5"
  resolved "https://registry.yarnpkg.com/gsap/-/gsap-3.11.5.tgz#97ef65091f43868be387803f9db277e8cd5bd041"
  integrity sha512-Q89nKCLgoX5xUjznh9LcaIUkz54k1voNucT1Rpf9SJNFIQznBwFqt5qUUQbeVInFyN/n18OUJkpeI6CNEDt74w==

has@^1.0.3:
  version "1.0.3"
  resolved "https://registry.yarnpkg.com/has/-/has-1.0.3.tgz#722d7cbfc1f6aa8241f16dd814e011e1f41e8796"
  integrity sha512-f2dvO0VU6Oej7RkWJGrehjbzMAjFp5/VKPp5tTpWIV4JHHZK1/BxbFRtf/siA2SWTe09caDmVtYYzWEIbBS4zw==
  dependencies:
    function-bind "^1.1.1"

immutable@^4.0.0:
  version "4.3.0"
  resolved "https://registry.yarnpkg.com/immutable/-/immutable-4.3.0.tgz#eb1738f14ffb39fd068b1dbe1296117484dd34be"
  integrity sha512-0AOCmOip+xgJwEVTQj1EfiDDOkPmuyllDuTuEX+DDXUgapLAsBIfkg3sxCYyCEA8mQqZrrxPUGjcOQ2JS3WLkg==

is-binary-path@~2.1.0:
  version "2.1.0"
  resolved "https://registry.yarnpkg.com/is-binary-path/-/is-binary-path-2.1.0.tgz#ea1f7f3b80f064236e83470f86c09c254fb45b09"
  integrity sha512-ZMERYes6pDydyuGidse7OsHxtbI7WVeUEozgR/g7rd0xUimYNlvZRE/K2MgZTjWy725IfelLeVcEM97mmtRGXw==
  dependencies:
    binary-extensions "^2.0.0"

is-core-module@^2.9.0:
  version "2.11.0"
  resolved "https://registry.yarnpkg.com/is-core-module/-/is-core-module-2.11.0.tgz#ad4cb3e3863e814523c96f3f58d26cc570ff0144"
  integrity sha512-RRjxlvLDkD1YJwDbroBHMb+cukurkDWNyHx7D3oNB5x9rb5ogcksMC5wHCadcXoo67gVr/+3GFySh3134zi6rw==
  dependencies:
    has "^1.0.3"

is-extglob@^2.1.1:
  version "2.1.1"
  resolved "https://registry.yarnpkg.com/is-extglob/-/is-extglob-2.1.1.tgz#a88c02535791f02ed37c76a1b9ea9773c833f8c2"
  integrity sha512-SbKbANkN603Vi4jEZv49LeVJMn4yGwsbzZworEoyEiutsN3nJYdbO36zfhGJ6QEDpOZIFkDtnq5JRxmvl3jsoQ==

is-glob@^4.0.1, is-glob@~4.0.1:
  version "4.0.3"
  resolved "https://registry.yarnpkg.com/is-glob/-/is-glob-4.0.3.tgz#64f61e42cbbb2eec2071a9dac0b28ba1e65d5084"
  integrity sha512-xelSayHH36ZgE7ZWhli7pW34hNbNl8Ojv5KVmkJD4hBdD3th8Tfk9vYasLM+mXWOZhFkgZfxhLSnrwRr4elSSg==
  dependencies:
    is-extglob "^2.1.1"

is-number@^7.0.0:
  version "7.0.0"
  resolved "https://registry.yarnpkg.com/is-number/-/is-number-7.0.0.tgz#7535345b896734d5f80c4d06c50955527a14f12b"
  integrity sha512-41Cifkg6e8TylSpdtTpeLVMqvSBEVzTttHvERD741+pnZ8ANv0004MRL43QKPDlK9cGvNp6NZWZUBlbGXYxxng==

"js-tokens@^3.0.0 || ^4.0.0":
  version "4.0.0"
  resolved "https://registry.yarnpkg.com/js-tokens/-/js-tokens-4.0.0.tgz#19203fb59991df98e3a287050d4647cdeaf32499"
  integrity sha512-RdJUflcE3cUzKiMqQgsCu06FPu9UdIJO0beYbPhHN4k6apgJtifcoCtT9bcxOpYBtpD2kCM6Sbzg4CausW/PKQ==

lodash@^4.17.21:
  version "4.17.21"
  resolved "https://registry.yarnpkg.com/lodash/-/lodash-4.17.21.tgz#679591c564c3bffaae8454cf0b3df370c3d6911c"
  integrity sha512-v2kDEe57lecTulaDIuNTPy3Ry4gLGJ6Z1O3vE1krgXZNrsQ+LFTGHVxVjcXPs17LhbZVGedAJv8XZ1tvj5FvSg==

loose-envify@^1.1.0:
  version "1.4.0"
  resolved "https://registry.yarnpkg.com/loose-envify/-/loose-envify-1.4.0.tgz#71ee51fa7be4caec1a63839f7e682d8132d30caf"
  integrity sha512-lyuxPGr/Wfhrlem2CL/UcnUc1zcqKAImBDzukY7Y5F/yQiNdko6+fRLevlw1HgMySw7f611UIY408EtxRSoK3Q==
  dependencies:
    js-tokens "^3.0.0 || ^4.0.0"

lru-cache@^7.14.1:
  version "7.18.3"
  resolved "https://registry.yarnpkg.com/lru-cache/-/lru-cache-7.18.3.tgz#f793896e0fd0e954a59dfdd82f0773808df6aa89"
  integrity sha512-jumlc0BIUrS3qJGgIkWZsyfAM7NCWiBcCDhnd+3NNM5KbBmLTgHVfWBcg6W+rLUsIpzpERPsvwUP7CckAQSOoA==

minimatch@^7.4.1:
  version "7.4.3"
  resolved "https://registry.yarnpkg.com/minimatch/-/minimatch-7.4.3.tgz#012cbf110a65134bb354ae9773b55256cdb045a2"
  integrity sha512-5UB4yYusDtkRPbRiy1cqZ1IpGNcJCGlEMG17RKzPddpyiPKoCdwohbED8g4QXT0ewCt8LTkQXuljsUfQ3FKM4A==
  dependencies:
    brace-expansion "^2.0.1"

minipass@^4.0.2, minipass@^4.2.4:
  version "4.2.5"
  resolved "https://registry.yarnpkg.com/minipass/-/minipass-4.2.5.tgz#9e0e5256f1e3513f8c34691dd68549e85b2c8ceb"
  integrity sha512-+yQl7SX3bIT83Lhb4BVorMAHVuqsskxRdlmO9kTpyukp8vsm2Sn/fUOV9xlnG8/a5JsypJzap21lz/y3FBMJ8Q==

nanoid@^3.3.4:
  version "3.3.4"
  resolved "https://registry.yarnpkg.com/nanoid/-/nanoid-3.3.4.tgz#730b67e3cd09e2deacf03c027c81c9d9dbc5e8ab"
  integrity sha512-MqBkQh/OHTS2egovRtLk45wEyNXwF+cokD+1YPf9u5VfJiRdAiRwB2froX5Co9Rh20xs4siNPm8naNotSD6RBw==

nanoid@^4.0.0:
  version "4.0.1"
  resolved "https://registry.yarnpkg.com/nanoid/-/nanoid-4.0.1.tgz#398d7ccfdbf9faf2231b2ca7e8fff5dbca6a509b"
  integrity sha512-udKGtCCUafD3nQtJg9wBhRP3KMbPglUsgV5JVsXhvyBs/oefqb4sqMEhKBBgqZncYowu58p1prsZQBYvAj/Gww==

normalize-path@^3.0.0, normalize-path@~3.0.0:
  version "3.0.0"
  resolved "https://registry.yarnpkg.com/normalize-path/-/normalize-path-3.0.0.tgz#0dcd69ff23a1c9b11fd0978316644a0388216a65"
  integrity sha512-6eZs5Ls3WtCisHWp9S2GUy8dqkpGi4BVSz3GaqiE6ezub0512ESztXUwUB6C6IKbQkY2Pnb/mD4WYojCRwcwLA==

path-parse@^1.0.7:
  version "1.0.7"
  resolved "https://registry.yarnpkg.com/path-parse/-/path-parse-1.0.7.tgz#fbc114b60ca42b30d9daf5858e4bd68bbedb6735"
  integrity sha512-LDJzPVEEEPR+y48z93A0Ed0yXb8pAByGWo/k5YYdYgpY2/2EsOsksJrq7lOHxryrVOn1ejG6oAp8ahvOIQD8sw==

path-scurry@^1.6.1:
  version "1.6.3"
  resolved "https://registry.yarnpkg.com/path-scurry/-/path-scurry-1.6.3.tgz#4eba7183d64ef88b63c7d330bddc3ba279dc6c40"
  integrity sha512-RAmB+n30SlN+HnNx6EbcpoDy9nwdpcGPnEKrJnu6GZoDWBdIjo1UQMVtW2ybtC7LC2oKLcMq8y5g8WnKLiod9g==
  dependencies:
    lru-cache "^7.14.1"
    minipass "^4.0.2"

picocolors@^1.0.0:
  version "1.0.0"
  resolved "https://registry.yarnpkg.com/picocolors/-/picocolors-1.0.0.tgz#cb5bdc74ff3f51892236eaf79d68bc44564ab81c"
  integrity sha512-1fygroTLlHu66zi26VoTDv8yRgm0Fccecssto+MhsZ0D/DGW2sm8E8AjW7NU5VVTRt5GxbeZ5qBuJr+HyLYkjQ==

picomatch@^2.0.4, picomatch@^2.2.1:
  version "2.3.1"
  resolved "https://registry.yarnpkg.com/picomatch/-/picomatch-2.3.1.tgz#3ba3833733646d9d3e4995946c1365a67fb07a42"
  integrity sha512-JU3teHTNjmE2VCGFzuY8EXzCDVwEqB2a8fsIvwaStHhAWJEeVd1o1QD80CU6+ZdEXXSLbSsuLwJjkCBWqRQUVA==

postcss@^8.4.21:
  version "8.4.21"
  resolved "https://registry.yarnpkg.com/postcss/-/postcss-8.4.21.tgz#c639b719a57efc3187b13a1d765675485f4134f4"
  integrity sha512-tP7u/Sn/dVxK2NnruI4H9BG+x+Wxz6oeZ1cJ8P6G/PZY0IKk4k/63TDsQf2kQq3+qoJeLm2kIBUNlZe3zgb4Zg==
  dependencies:
    nanoid "^3.3.4"
    picocolors "^1.0.0"
    source-map-js "^1.0.2"

prefix@^1.0.0:
  version "1.0.0"
  resolved "https://registry.yarnpkg.com/prefix/-/prefix-1.0.0.tgz#f12bcaea03e580be7929fb365c301184558a0356"
  integrity sha512-KtGt8TV4nQkYgO6wJ5phkBGAECZW5cs5vQhqnz1LlxGGd8y4LwpW3Bq5pofULjdiMXACDCxisDUhwtFXb7vHfQ==

react-dom@^18.2.0:
  version "18.2.0"
  resolved "https://registry.yarnpkg.com/react-dom/-/react-dom-18.2.0.tgz#22aaf38708db2674ed9ada224ca4aa708d821e3d"
  integrity sha512-6IMTriUmvsjHUjNtEDudZfuDQUoWXVxKHhlEGSk81n4YFS+r/Kl99wXiwlVXtPBtJenozv2P+hxDsw9eA7Xo6g==
  dependencies:
    loose-envify "^1.1.0"
    scheduler "^0.23.0"

react@^18.2.0:
  version "18.2.0"
  resolved "https://registry.yarnpkg.com/react/-/react-18.2.0.tgz#555bd98592883255fa00de14f1151a917b5d77d5"
  integrity sha512-/3IjMdb2L9QbBdWiW5e3P2/npwMBaU9mHCSCUzNln0ZCYbcfTsGbTJrU/kGemdH2IWmB2ioZ+zkxtmq6g09fGQ==
  dependencies:
    loose-envify "^1.1.0"

readdirp@~3.6.0:
  version "3.6.0"
  resolved "https://registry.yarnpkg.com/readdirp/-/readdirp-3.6.0.tgz#74a370bd857116e245b29cc97340cd431a02a6c7"
  integrity sha512-hOS089on8RduqdbhvQ5Z37A0ESjsqz6qnRcffsMU3495FuTdqSm+7bhJ29JvIOsBDEEnan5DPu9t3To9VRlMzA==
  dependencies:
    picomatch "^2.2.1"

resolve@^1.22.1:
  version "1.22.1"
  resolved "https://registry.yarnpkg.com/resolve/-/resolve-1.22.1.tgz#27cb2ebb53f91abb49470a928bba7558066ac177"
  integrity sha512-nBpuuYuY5jFsli/JIs1oldw6fOQCBioohqWZg/2hiaOybXOft4lonv85uDOKXdf8rhyK159cxU5cDcK/NKk8zw==
  dependencies:
    is-core-module "^2.9.0"
    path-parse "^1.0.7"
    supports-preserve-symlinks-flag "^1.0.0"

rimraf@^4.1.2:
  version "4.4.1"
  resolved "https://registry.yarnpkg.com/rimraf/-/rimraf-4.4.1.tgz#bd33364f67021c5b79e93d7f4fa0568c7c21b755"
  integrity sha512-Gk8NlF062+T9CqNGn6h4tls3k6T1+/nXdOcSZVikNVtlRdYpA7wRJJMoXmuvOnLW844rPjdQ7JgXCYM6PPC/og==
  dependencies:
    glob "^9.2.0"

rollup@^3.18.0:
  version "3.20.2"
  resolved "https://registry.yarnpkg.com/rollup/-/rollup-3.20.2.tgz#f798c600317f216de2e4ad9f4d9ab30a89b690ff"
  integrity sha512-3zwkBQl7Ai7MFYQE0y1MeQ15+9jsi7XxfrqwTb/9EK8D9C9+//EBR4M+CuA1KODRaNbFez/lWxA5vhEGZp4MUg==
  optionalDependencies:
    fsevents "~2.3.2"

sass@^1.57.1:
  version "1.60.0"
  resolved "https://registry.yarnpkg.com/sass/-/sass-1.60.0.tgz#657f0c23a302ac494b09a5ba8497b739fb5b5a81"
  integrity sha512-updbwW6fNb5gGm8qMXzVO7V4sWf7LMXnMly/JEyfbfERbVH46Fn6q02BX7/eHTdKpE7d+oTkMMQpFWNUMfFbgQ==
  dependencies:
    chokidar ">=3.0.0 <4.0.0"
    immutable "^4.0.0"
    source-map-js ">=0.6.2 <2.0.0"

scheduler@^0.23.0:
  version "0.23.0"
  resolved "https://registry.yarnpkg.com/scheduler/-/scheduler-0.23.0.tgz#ba8041afc3d30eb206a487b6b384002e4e61fdfe"
  integrity sha512-CtuThmgHNg7zIZWAXi3AsyIzA3n4xx7aNyjwC2VJldO2LMVDhFK+63xGqq6CsJH4rTAt6/M+N4GhZiDYPx9eUw==
  dependencies:
    loose-envify "^1.1.0"

"source-map-js@>=0.6.2 <2.0.0", source-map-js@^1.0.2:
  version "1.0.2"
  resolved "https://registry.yarnpkg.com/source-map-js/-/source-map-js-1.0.2.tgz#adbc361d9c62df380125e7f161f71c826f1e490c"
  integrity sha512-R0XvVJ9WusLiqTCEiGCmICCMplcCkIwwR11mOSD9CR5u+IXYdiseeEuXCVAjS54zqwkLcPNnmU4OeJ6tUrWhDw==

splitting@^1.0.6:
  version "1.0.6"
  resolved "https://registry.yarnpkg.com/splitting/-/splitting-1.0.6.tgz#9197b3fd600c5b56038fc06ae8b9f5933d392875"
  integrity sha512-2hYicS/hTy1MgjTi4ST6B298uoLSx854VfTf0FeMmCeE6OiZjEixTOGPLqnNzSaM/y3jwoEYj5pmDzYFwRInPw==

supports-preserve-symlinks-flag@^1.0.0:
  version "1.0.0"
  resolved "https://registry.yarnpkg.com/supports-preserve-symlinks-flag/-/supports-preserve-symlinks-flag-1.0.0.tgz#6eda4bd344a3c94aea376d4cc31bc77311039e09"
  integrity sha512-ot0WnXS9fgdkgIcePe6RHNk1WA8+muPa6cSjeR3V8K27q9BB1rTE3R1p7Hv0z1ZyAc8s6Vvv8DIyWf681MAt0w==

three@^0.152.2:
  version "0.152.2"
  resolved "https://registry.yarnpkg.com/three/-/three-0.152.2.tgz#2ee0f2c504d31a4bc29b45495c12bded9fda7bfc"
  integrity sha512-Ff9zIpSfkkqcBcpdiFo2f35vA9ZucO+N8TNacJOqaEE6DrB0eufItVMib8bK8Pcju/ZNT6a7blE1GhTpkdsILw==

throttle-debounce@^5.0.0:
  version "5.0.0"
  resolved "https://registry.yarnpkg.com/throttle-debounce/-/throttle-debounce-5.0.0.tgz#a17a4039e82a2ed38a5e7268e4132d6960d41933"
  integrity sha512-2iQTSgkkc1Zyk0MeVrt/3BvuOXYPl/R8Z0U2xxo9rjwNciaHDG3R+Lm6dh4EeUci49DanvBnuqI6jshoQQRGEg==

to-regex-range@^5.0.1:
  version "5.0.1"
  resolved "https://registry.yarnpkg.com/to-regex-range/-/to-regex-range-5.0.1.tgz#1648c44aae7c8d988a326018ed72f5b4dd0392e4"
  integrity sha512-65P7iz6X5yEr1cwcgvQxbbIw7Uk3gOy5dIdtZ4rDveLqhrdJP+Li/Hx6tyK0NEb+2GCyneCMJiGqrADCSNk8sQ==
  dependencies:
    is-number "^7.0.0"

typescript@^4.9.3:
  version "4.9.5"
  resolved "https://registry.yarnpkg.com/typescript/-/typescript-4.9.5.tgz#095979f9bcc0d09da324d58d03ce8f8374cbe65a"
  integrity sha512-1FXk9E2Hm+QzZQ7z+McJiHL4NW1F2EzMu9Nq9i3zAaGqibafqYwCVU6WyWAuyQRRzOlxou8xZSyXLEN8oKj24g==

vite@^4.2.0:
  version "4.2.1"
  resolved "https://registry.yarnpkg.com/vite/-/vite-4.2.1.tgz#6c2eb337b0dfd80a9ded5922163b94949d7fc254"
  integrity sha512-7MKhqdy0ISo4wnvwtqZkjke6XN4taqQ2TBaTccLIpOKv7Vp2h4Y+NpmWCnGDeSvvn45KxvWgGyb0MkHvY1vgbg==
  dependencies:
    esbuild "^0.17.5"
    postcss "^8.4.21"
    resolve "^1.22.1"
    rollup "^3.18.0"
  optionalDependencies:
    fsevents "~2.3.2"
